// !$*UTF8*$!
{
	archiveVersion = 1;
	classes = {
	};
	objectVersion = 46;
	objects = {

/* Begin PBXBuildFile section */
		1E4B7F1F1DF134FB0010088E /* CLSplashController.m in Sources */ = {isa = PBXBuildFile; fileRef = 1E4B7F1E1DF134FB0010088E /* CLSplashController.m */; };
		1E6479881DEFBF3500ED39E9 /* main.m in Sources */ = {isa = PBXBuildFile; fileRef = 1E6479871DEFBF3500ED39E9 /* main.m */; };
		1E64798B1DEFBF3500ED39E9 /* AppDelegate.m in Sources */ = {isa = PBXBuildFile; fileRef = 1E64798A1DEFBF3500ED39E9 /* AppDelegate.m */; };
		1E6479941DEFBF3500ED39E9 /* calendar.xcdatamodeld in Sources */ = {isa = PBXBuildFile; fileRef = 1E6479921DEFBF3500ED39E9 /* calendar.xcdatamodeld */; };
		1E6479961DEFBF3500ED39E9 /* Assets.xcassets in Resources */ = {isa = PBXBuildFile; fileRef = 1E6479951DEFBF3500ED39E9 /* Assets.xcassets */; };
		1E6479991DEFBF3500ED39E9 /* LaunchScreen.storyboard in Resources */ = {isa = PBXBuildFile; fileRef = 1E6479971DEFBF3500ED39E9 /* LaunchScreen.storyboard */; };
		1E6479F51DEFCEE600ED39E9 /* NSObject+Instance.m in Sources */ = {isa = PBXBuildFile; fileRef = 1E6479F41DEFCEE600ED39E9 /* NSObject+Instance.m */; };
		1E6479F81DEFCFF500ED39E9 /* UIView+Instance.m in Sources */ = {isa = PBXBuildFile; fileRef = 1E6479F71DEFCFF500ED39E9 /* UIView+Instance.m */; };
		1E6479FB1DEFD08B00ED39E9 /* UIColor+Instance.m in Sources */ = {isa = PBXBuildFile; fileRef = 1E6479FA1DEFD08B00ED39E9 /* UIColor+Instance.m */; };
		1E6479FE1DEFD18500ED39E9 /* CLAdapter.m in Sources */ = {isa = PBXBuildFile; fileRef = 1E6479FD1DEFD18500ED39E9 /* CLAdapter.m */; };
		1E647A011DEFD2EB00ED39E9 /* UITableView+adapter.m in Sources */ = {isa = PBXBuildFile; fileRef = 1E647A001DEFD2EB00ED39E9 /* UITableView+adapter.m */; };
		1E647A081DEFD4AA00ED39E9 /* FQApplication.m in Sources */ = {isa = PBXBuildFile; fileRef = 1E647A051DEFD4AA00ED39E9 /* FQApplication.m */; };
		1E647A091DEFD4AA00ED39E9 /* FQPathGetter.m in Sources */ = {isa = PBXBuildFile; fileRef = 1E647A071DEFD4AA00ED39E9 /* FQPathGetter.m */; };
		1E647A0C1DEFDE6300ED39E9 /* NSString+PDRegex.m in Sources */ = {isa = PBXBuildFile; fileRef = 1E647A0B1DEFDE6300ED39E9 /* NSString+PDRegex.m */; };
		1E647A0F1DEFDF4000ED39E9 /* CLLoginController.m in Sources */ = {isa = PBXBuildFile; fileRef = 1E647A0E1DEFDF4000ED39E9 /* CLLoginController.m */; };
		1E647A121DEFDF9200ED39E9 /* CLRegisterController.m in Sources */ = {isa = PBXBuildFile; fileRef = 1E647A111DEFDF9200ED39E9 /* CLRegisterController.m */; };
		1E647A161DEFEC0600ED39E9 /* CLLoginView.m in Sources */ = {isa = PBXBuildFile; fileRef = 1E647A151DEFEC0600ED39E9 /* CLLoginView.m */; };
		1E647A191DEFFFF100ED39E9 /* CLLoginView1.m in Sources */ = {isa = PBXBuildFile; fileRef = 1E647A181DEFFFF100ED39E9 /* CLLoginView1.m */; };
		1E647A1C1DF00D2B00ED39E9 /* CLProgressHUD.m in Sources */ = {isa = PBXBuildFile; fileRef = 1E647A1B1DF00D2B00ED39E9 /* CLProgressHUD.m */; };
		1E647A1F1DF01CF000ED39E9 /* CLRegisterView.m in Sources */ = {isa = PBXBuildFile; fileRef = 1E647A1E1DF01CF000ED39E9 /* CLRegisterView.m */; };
		ED43F9B840A89DEFF530B1B3 /* libPods-calendar.a in Frameworks */ = {isa = PBXBuildFile; fileRef = D846988F970518F04AC20E34 /* libPods-calendar.a */; };
/* End PBXBuildFile section */

/* Begin PBXFileReference section */
		0B6339424086D3C2ABC05244 /* Pods-calendar.release.xcconfig */ = {isa = PBXFileReference; includeInIndex = 1; lastKnownFileType = text.xcconfig; name = "Pods-calendar.release.xcconfig"; path = "Pods/Target Support Files/Pods-calendar/Pods-calendar.release.xcconfig"; sourceTree = "<group>"; };
		1E4B7F1D1DF134FB0010088E /* CLSplashController.h */ = {isa = PBXFileReference; fileEncoding = 4; lastKnownFileType = sourcecode.c.h; path = CLSplashController.h; sourceTree = "<group>"; };
		1E4B7F1E1DF134FB0010088E /* CLSplashController.m */ = {isa = PBXFileReference; fileEncoding = 4; lastKnownFileType = sourcecode.c.objc; path = CLSplashController.m; sourceTree = "<group>"; };
		1E6479831DEFBF3500ED39E9 /* calendar.app */ = {isa = PBXFileReference; explicitFileType = wrapper.application; includeInIndex = 0; path = calendar.app; sourceTree = BUILT_PRODUCTS_DIR; };
		1E6479871DEFBF3500ED39E9 /* main.m */ = {isa = PBXFileReference; lastKnownFileType = sourcecode.c.objc; path = main.m; sourceTree = "<group>"; };
		1E6479891DEFBF3500ED39E9 /* AppDelegate.h */ = {isa = PBXFileReference; lastKnownFileType = sourcecode.c.h; path = AppDelegate.h; sourceTree = "<group>"; };
		1E64798A1DEFBF3500ED39E9 /* AppDelegate.m */ = {isa = PBXFileReference; lastKnownFileType = sourcecode.c.objc; path = AppDelegate.m; sourceTree = "<group>"; };
		1E6479931DEFBF3500ED39E9 /* calendar.xcdatamodel */ = {isa = PBXFileReference; lastKnownFileType = wrapper.xcdatamodel; path = calendar.xcdatamodel; sourceTree = "<group>"; };
		1E6479951DEFBF3500ED39E9 /* Assets.xcassets */ = {isa = PBXFileReference; lastKnownFileType = folder.assetcatalog; path = Assets.xcassets; sourceTree = "<group>"; };
		1E6479981DEFBF3500ED39E9 /* Base */ = {isa = PBXFileReference; lastKnownFileType = file.storyboard; name = Base; path = Base.lproj/LaunchScreen.storyboard; sourceTree = "<group>"; };
		1E64799A1DEFBF3500ED39E9 /* Info.plist */ = {isa = PBXFileReference; lastKnownFileType = text.plist.xml; path = Info.plist; sourceTree = "<group>"; };
		1E6479B91DEFC98800ED39E9 /* CL_Header.h */ = {isa = PBXFileReference; fileEncoding = 4; lastKnownFileType = sourcecode.c.h; path = CL_Header.h; sourceTree = "<group>"; };
		1E6479F31DEFCEE600ED39E9 /* NSObject+Instance.h */ = {isa = PBXFileReference; fileEncoding = 4; lastKnownFileType = sourcecode.c.h; path = "NSObject+Instance.h"; sourceTree = "<group>"; };
		1E6479F41DEFCEE600ED39E9 /* NSObject+Instance.m */ = {isa = PBXFileReference; fileEncoding = 4; lastKnownFileType = sourcecode.c.objc; path = "NSObject+Instance.m"; sourceTree = "<group>"; };
		1E6479F61DEFCFF500ED39E9 /* UIView+Instance.h */ = {isa = PBXFileReference; fileEncoding = 4; lastKnownFileType = sourcecode.c.h; path = "UIView+Instance.h"; sourceTree = "<group>"; };
		1E6479F71DEFCFF500ED39E9 /* UIView+Instance.m */ = {isa = PBXFileReference; fileEncoding = 4; lastKnownFileType = sourcecode.c.objc; path = "UIView+Instance.m"; sourceTree = "<group>"; };
		1E6479F91DEFD08B00ED39E9 /* UIColor+Instance.h */ = {isa = PBXFileReference; fileEncoding = 4; lastKnownFileType = sourcecode.c.h; path = "UIColor+Instance.h"; sourceTree = "<group>"; };
		1E6479FA1DEFD08B00ED39E9 /* UIColor+Instance.m */ = {isa = PBXFileReference; fileEncoding = 4; lastKnownFileType = sourcecode.c.objc; path = "UIColor+Instance.m"; sourceTree = "<group>"; };
		1E6479FC1DEFD18500ED39E9 /* CLAdapter.h */ = {isa = PBXFileReference; fileEncoding = 4; lastKnownFileType = sourcecode.c.h; path = CLAdapter.h; sourceTree = "<group>"; };
		1E6479FD1DEFD18500ED39E9 /* CLAdapter.m */ = {isa = PBXFileReference; fileEncoding = 4; lastKnownFileType = sourcecode.c.objc; path = CLAdapter.m; sourceTree = "<group>"; };
		1E6479FF1DEFD2EB00ED39E9 /* UITableView+adapter.h */ = {isa = PBXFileReference; fileEncoding = 4; lastKnownFileType = sourcecode.c.h; path = "UITableView+adapter.h"; sourceTree = "<group>"; };
		1E647A001DEFD2EB00ED39E9 /* UITableView+adapter.m */ = {isa = PBXFileReference; fileEncoding = 4; lastKnownFileType = sourcecode.c.objc; path = "UITableView+adapter.m"; sourceTree = "<group>"; };
		1E647A031DEFD4AA00ED39E9 /* CWLSynthesizeSingleton.h */ = {isa = PBXFileReference; fileEncoding = 4; lastKnownFileType = sourcecode.c.h; path = CWLSynthesizeSingleton.h; sourceTree = "<group>"; };
		1E647A041DEFD4AA00ED39E9 /* FQApplication.h */ = {isa = PBXFileReference; fileEncoding = 4; lastKnownFileType = sourcecode.c.h; path = FQApplication.h; sourceTree = "<group>"; };
		1E647A051DEFD4AA00ED39E9 /* FQApplication.m */ = {isa = PBXFileReference; fileEncoding = 4; lastKnownFileType = sourcecode.c.objc; path = FQApplication.m; sourceTree = "<group>"; };
		1E647A061DEFD4AA00ED39E9 /* FQPathGetter.h */ = {isa = PBXFileReference; fileEncoding = 4; lastKnownFileType = sourcecode.c.h; path = FQPathGetter.h; sourceTree = "<group>"; };
		1E647A071DEFD4AA00ED39E9 /* FQPathGetter.m */ = {isa = PBXFileReference; fileEncoding = 4; lastKnownFileType = sourcecode.c.objc; path = FQPathGetter.m; sourceTree = "<group>"; };
		1E647A0A1DEFDE6300ED39E9 /* NSString+PDRegex.h */ = {isa = PBXFileReference; fileEncoding = 4; lastKnownFileType = sourcecode.c.h; path = "NSString+PDRegex.h"; sourceTree = "<group>"; };
		1E647A0B1DEFDE6300ED39E9 /* NSString+PDRegex.m */ = {isa = PBXFileReference; fileEncoding = 4; lastKnownFileType = sourcecode.c.objc; path = "NSString+PDRegex.m"; sourceTree = "<group>"; };
		1E647A0D1DEFDF4000ED39E9 /* CLLoginController.h */ = {isa = PBXFileReference; fileEncoding = 4; lastKnownFileType = sourcecode.c.h; path = CLLoginController.h; sourceTree = "<group>"; };
		1E647A0E1DEFDF4000ED39E9 /* CLLoginController.m */ = {isa = PBXFileReference; fileEncoding = 4; lastKnownFileType = sourcecode.c.objc; path = CLLoginController.m; sourceTree = "<group>"; };
		1E647A101DEFDF9200ED39E9 /* CLRegisterController.h */ = {isa = PBXFileReference; fileEncoding = 4; lastKnownFileType = sourcecode.c.h; path = CLRegisterController.h; sourceTree = "<group>"; };
		1E647A111DEFDF9200ED39E9 /* CLRegisterController.m */ = {isa = PBXFileReference; fileEncoding = 4; lastKnownFileType = sourcecode.c.objc; path = CLRegisterController.m; sourceTree = "<group>"; };
		1E647A141DEFEC0600ED39E9 /* CLLoginView.h */ = {isa = PBXFileReference; fileEncoding = 4; lastKnownFileType = sourcecode.c.h; path = CLLoginView.h; sourceTree = "<group>"; };
		1E647A151DEFEC0600ED39E9 /* CLLoginView.m */ = {isa = PBXFileReference; fileEncoding = 4; lastKnownFileType = sourcecode.c.objc; path = CLLoginView.m; sourceTree = "<group>"; };
		1E647A171DEFFFF100ED39E9 /* CLLoginView1.h */ = {isa = PBXFileReference; fileEncoding = 4; lastKnownFileType = sourcecode.c.h; path = CLLoginView1.h; sourceTree = "<group>"; };
		1E647A181DEFFFF100ED39E9 /* CLLoginView1.m */ = {isa = PBXFileReference; fileEncoding = 4; lastKnownFileType = sourcecode.c.objc; path = CLLoginView1.m; sourceTree = "<group>"; };
		1E647A1A1DF00D2B00ED39E9 /* CLProgressHUD.h */ = {isa = PBXFileReference; fileEncoding = 4; lastKnownFileType = sourcecode.c.h; path = CLProgressHUD.h; sourceTree = "<group>"; };
		1E647A1B1DF00D2B00ED39E9 /* CLProgressHUD.m */ = {isa = PBXFileReference; fileEncoding = 4; lastKnownFileType = sourcecode.c.objc; path = CLProgressHUD.m; sourceTree = "<group>"; };
		1E647A1D1DF01CF000ED39E9 /* CLRegisterView.h */ = {isa = PBXFileReference; fileEncoding = 4; lastKnownFileType = sourcecode.c.h; path = CLRegisterView.h; sourceTree = "<group>"; };
		1E647A1E1DF01CF000ED39E9 /* CLRegisterView.m */ = {isa = PBXFileReference; fileEncoding = 4; lastKnownFileType = sourcecode.c.objc; path = CLRegisterView.m; sourceTree = "<group>"; };
		C7F84E6C4570C886DD5D0FC7 /* Pods-calendar.debug.xcconfig */ = {isa = PBXFileReference; includeInIndex = 1; lastKnownFileType = text.xcconfig; name = "Pods-calendar.debug.xcconfig"; path = "Pods/Target Support Files/Pods-calendar/Pods-calendar.debug.xcconfig"; sourceTree = "<group>"; };
		D846988F970518F04AC20E34 /* libPods-calendar.a */ = {isa = PBXFileReference; explicitFileType = archive.ar; includeInIndex = 0; path = "libPods-calendar.a"; sourceTree = BUILT_PRODUCTS_DIR; };
/* End PBXFileReference section */

/* Begin PBXFrameworksBuildPhase section */
		1E6479801DEFBF3500ED39E9 /* Frameworks */ = {
			isa = PBXFrameworksBuildPhase;
			buildActionMask = 2147483647;
			files = (
				ED43F9B840A89DEFF530B1B3 /* libPods-calendar.a in Frameworks */,
			);
			runOnlyForDeploymentPostprocessing = 0;
		};
/* End PBXFrameworksBuildPhase section */

/* Begin PBXGroup section */
		1E64797A1DEFBF3500ED39E9 = {
			isa = PBXGroup;
			children = (
				1E6479851DEFBF3500ED39E9 /* calendar */,
				1E6479841DEFBF3500ED39E9 /* Products */,
				BF426D9CB6811EAE08D4FD85 /* Pods */,
				684B81240FBCDE4FB9216DDD /* Frameworks */,
			);
			sourceTree = "<group>";
		};
		1E6479841DEFBF3500ED39E9 /* Products */ = {
			isa = PBXGroup;
			children = (
				1E6479831DEFBF3500ED39E9 /* calendar.app */,
			);
			name = Products;
			sourceTree = "<group>";
		};
		1E6479851DEFBF3500ED39E9 /* calendar */ = {
			isa = PBXGroup;
			children = (
				1E647A021DEFD4AA00ED39E9 /* common */,
				1E6479BA1DEFCAA800ED39E9 /* model */,
				1E6479A41DEFC12000ED39E9 /* 3rd */,
				1E6479A01DEFC0EE00ED39E9 /* cell */,
				1E6479A11DEFC0EE00ED39E9 /* controller */,
				1E6479A31DEFC0EE00ED39E9 /* view */,
				1E6479891DEFBF3500ED39E9 /* AppDelegate.h */,
				1E64798A1DEFBF3500ED39E9 /* AppDelegate.m */,
				1E6479951DEFBF3500ED39E9 /* Assets.xcassets */,
				1E6479971DEFBF3500ED39E9 /* LaunchScreen.storyboard */,
				1E64799A1DEFBF3500ED39E9 /* Info.plist */,
				1E6479921DEFBF3500ED39E9 /* calendar.xcdatamodeld */,
				1E6479B91DEFC98800ED39E9 /* CL_Header.h */,
				1E6479861DEFBF3500ED39E9 /* Supporting Files */,
			);
			path = calendar;
			sourceTree = "<group>";
		};
		1E6479861DEFBF3500ED39E9 /* Supporting Files */ = {
			isa = PBXGroup;
			children = (
				1E6479871DEFBF3500ED39E9 /* main.m */,
			);
			name = "Supporting Files";
			sourceTree = "<group>";
		};
		1E6479A01DEFC0EE00ED39E9 /* cell */ = {
			isa = PBXGroup;
			children = (
			);
			path = cell;
			sourceTree = "<group>";
		};
		1E6479A11DEFC0EE00ED39E9 /* controller */ = {
			isa = PBXGroup;
			children = (
				1E647A0D1DEFDF4000ED39E9 /* CLLoginController.h */,
				1E647A0E1DEFDF4000ED39E9 /* CLLoginController.m */,
				1E647A101DEFDF9200ED39E9 /* CLRegisterController.h */,
				1E647A111DEFDF9200ED39E9 /* CLRegisterController.m */,
				1E4B7F1D1DF134FB0010088E /* CLSplashController.h */,
				1E4B7F1E1DF134FB0010088E /* CLSplashController.m */,
			);
			path = controller;
			sourceTree = "<group>";
		};
		1E6479A31DEFC0EE00ED39E9 /* view */ = {
			isa = PBXGroup;
			children = (
				1E647A131DEFEBCF00ED39E9 /* CLLogin */,
				1E647A1A1DF00D2B00ED39E9 /* CLProgressHUD.h */,
				1E647A1B1DF00D2B00ED39E9 /* CLProgressHUD.m */,
			);
			path = view;
			sourceTree = "<group>";
		};
		1E6479A41DEFC12000ED39E9 /* 3rd */ = {
			isa = PBXGroup;
			children = (
			);
			path = 3rd;
			sourceTree = "<group>";
		};
		1E6479BA1DEFCAA800ED39E9 /* model */ = {
			isa = PBXGroup;
			children = (
				1E647A0A1DEFDE6300ED39E9 /* NSString+PDRegex.h */,
				1E647A0B1DEFDE6300ED39E9 /* NSString+PDRegex.m */,
				1E6479F31DEFCEE600ED39E9 /* NSObject+Instance.h */,
				1E6479F41DEFCEE600ED39E9 /* NSObject+Instance.m */,
				1E6479F61DEFCFF500ED39E9 /* UIView+Instance.h */,
				1E6479F71DEFCFF500ED39E9 /* UIView+Instance.m */,
				1E6479F91DEFD08B00ED39E9 /* UIColor+Instance.h */,
				1E6479FA1DEFD08B00ED39E9 /* UIColor+Instance.m */,
				1E6479FC1DEFD18500ED39E9 /* CLAdapter.h */,
				1E6479FD1DEFD18500ED39E9 /* CLAdapter.m */,
				1E6479FF1DEFD2EB00ED39E9 /* UITableView+adapter.h */,
				1E647A001DEFD2EB00ED39E9 /* UITableView+adapter.m */,
			);
			path = model;
			sourceTree = "<group>";
		};
		1E647A021DEFD4AA00ED39E9 /* common */ = {
			isa = PBXGroup;
			children = (
				1E647A031DEFD4AA00ED39E9 /* CWLSynthesizeSingleton.h */,
				1E647A041DEFD4AA00ED39E9 /* FQApplication.h */,
				1E647A051DEFD4AA00ED39E9 /* FQApplication.m */,
				1E647A061DEFD4AA00ED39E9 /* FQPathGetter.h */,
				1E647A071DEFD4AA00ED39E9 /* FQPathGetter.m */,
			);
			path = common;
			sourceTree = "<group>";
		};
		1E647A131DEFEBCF00ED39E9 /* CLLogin */ = {
			isa = PBXGroup;
			children = (
				1E647A141DEFEC0600ED39E9 /* CLLoginView.h */,
				1E647A151DEFEC0600ED39E9 /* CLLoginView.m */,
				1E647A171DEFFFF100ED39E9 /* CLLoginView1.h */,
				1E647A181DEFFFF100ED39E9 /* CLLoginView1.m */,
				1E647A1D1DF01CF000ED39E9 /* CLRegisterView.h */,
				1E647A1E1DF01CF000ED39E9 /* CLRegisterView.m */,
			);
			path = CLLogin;
			sourceTree = "<group>";
		};
		684B81240FBCDE4FB9216DDD /* Frameworks */ = {
			isa = PBXGroup;
			children = (
				D846988F970518F04AC20E34 /* libPods-calendar.a */,
			);
			name = Frameworks;
			sourceTree = "<group>";
		};
		BF426D9CB6811EAE08D4FD85 /* Pods */ = {
			isa = PBXGroup;
			children = (
				C7F84E6C4570C886DD5D0FC7 /* Pods-calendar.debug.xcconfig */,
				0B6339424086D3C2ABC05244 /* Pods-calendar.release.xcconfig */,
			);
			name = Pods;
			sourceTree = "<group>";
		};
/* End PBXGroup section */

/* Begin PBXNativeTarget section */
		1E6479821DEFBF3500ED39E9 /* calendar */ = {
			isa = PBXNativeTarget;
			buildConfigurationList = 1E64799D1DEFBF3500ED39E9 /* Build configuration list for PBXNativeTarget "calendar" */;
			buildPhases = (
				083C322C8143CAFF44BA8F76 /* [CP] Check Pods Manifest.lock */,
				1E64797F1DEFBF3500ED39E9 /* Sources */,
				1E6479801DEFBF3500ED39E9 /* Frameworks */,
				1E6479811DEFBF3500ED39E9 /* Resources */,
				D57A93F2034555B8AA11B4BC /* [CP] Embed Pods Frameworks */,
				CAE6ED93F221ADADEB1993C1 /* [CP] Copy Pods Resources */,
			);
			buildRules = (
			);
			dependencies = (
			);
			name = calendar;
			productName = calendar;
			productReference = 1E6479831DEFBF3500ED39E9 /* calendar.app */;
			productType = "com.apple.product-type.application";
		};
/* End PBXNativeTarget section */

/* Begin PBXProject section */
		1E64797B1DEFBF3500ED39E9 /* Project object */ = {
			isa = PBXProject;
			attributes = {
				LastUpgradeCheck = 0810;
				ORGANIZATIONNAME = wangaiguo;
				TargetAttributes = {
					1E6479821DEFBF3500ED39E9 = {
						CreatedOnToolsVersion = 8.1;
						DevelopmentTeam = 5J3D27HWQC;
						ProvisioningStyle = Automatic;
					};
				};
			};
			buildConfigurationList = 1E64797E1DEFBF3500ED39E9 /* Build configuration list for PBXProject "calendar" */;
			compatibilityVersion = "Xcode 3.2";
			developmentRegion = English;
			hasScannedForEncodings = 0;
			knownRegions = (
				en,
				Base,
			);
			mainGroup = 1E64797A1DEFBF3500ED39E9;
			productRefGroup = 1E6479841DEFBF3500ED39E9 /* Products */;
			projectDirPath = "";
			projectRoot = "";
			targets = (
				1E6479821DEFBF3500ED39E9 /* calendar */,
			);
		};
/* End PBXProject section */

/* Begin PBXResourcesBuildPhase section */
		1E6479811DEFBF3500ED39E9 /* Resources */ = {
			isa = PBXResourcesBuildPhase;
			buildActionMask = 2147483647;
			files = (
				1E6479991DEFBF3500ED39E9 /* LaunchScreen.storyboard in Resources */,
				1E6479961DEFBF3500ED39E9 /* Assets.xcassets in Resources */,
			);
			runOnlyForDeploymentPostprocessing = 0;
		};
/* End PBXResourcesBuildPhase section */

/* Begin PBXShellScriptBuildPhase section */
		083C322C8143CAFF44BA8F76 /* [CP] Check Pods Manifest.lock */ = {
			isa = PBXShellScriptBuildPhase;
			buildActionMask = 2147483647;
			files = (
			);
			inputPaths = (
			);
			name = "[CP] Check Pods Manifest.lock";
			outputPaths = (
			);
			runOnlyForDeploymentPostprocessing = 0;
			shellPath = /bin/sh;
			shellScript = "diff \"${PODS_ROOT}/../Podfile.lock\" \"${PODS_ROOT}/Manifest.lock\" > /dev/null\nif [ $? != 0 ] ; then\n    # print error to STDERR\n    echo \"error: The sandbox is not in sync with the Podfile.lock. Run 'pod install' or update your CocoaPods installation.\" >&2\n    exit 1\nfi\n";
			showEnvVarsInLog = 0;
		};
		CAE6ED93F221ADADEB1993C1 /* [CP] Copy Pods Resources */ = {
			isa = PBXShellScriptBuildPhase;
			buildActionMask = 2147483647;
			files = (
			);
			inputPaths = (
			);
			name = "[CP] Copy Pods Resources";
			outputPaths = (
			);
			runOnlyForDeploymentPostprocessing = 0;
			shellPath = /bin/sh;
			shellScript = "\"${SRCROOT}/Pods/Target Support Files/Pods-calendar/Pods-calendar-resources.sh\"\n";
			showEnvVarsInLog = 0;
		};
		D57A93F2034555B8AA11B4BC /* [CP] Embed Pods Frameworks */ = {
			isa = PBXShellScriptBuildPhase;
			buildActionMask = 2147483647;
			files = (
			);
			inputPaths = (
			);
			name = "[CP] Embed Pods Frameworks";
			outputPaths = (
			);
			runOnlyForDeploymentPostprocessing = 0;
			shellPath = /bin/sh;
			shellScript = "\"${SRCROOT}/Pods/Target Support Files/Pods-calendar/Pods-calendar-frameworks.sh\"\n";
			showEnvVarsInLog = 0;
		};
/* End PBXShellScriptBuildPhase section */

/* Begin PBXSourcesBuildPhase section */
		1E64797F1DEFBF3500ED39E9 /* Sources */ = {
			isa = PBXSourcesBuildPhase;
			buildActionMask = 2147483647;
			files = (
				1E6479FB1DEFD08B00ED39E9 /* UIColor+Instance.m in Sources */,
				1E647A011DEFD2EB00ED39E9 /* UITableView+adapter.m in Sources */,
				1E647A191DEFFFF100ED39E9 /* CLLoginView1.m in Sources */,
				1E647A161DEFEC0600ED39E9 /* CLLoginView.m in Sources */,
				1E6479F51DEFCEE600ED39E9 /* NSObject+Instance.m in Sources */,
				1E4B7F1F1DF134FB0010088E /* CLSplashController.m in Sources */,
				1E647A091DEFD4AA00ED39E9 /* FQPathGetter.m in Sources */,
				1E64798B1DEFBF3500ED39E9 /* AppDelegate.m in Sources */,
				1E6479881DEFBF3500ED39E9 /* main.m in Sources */,
				1E647A0F1DEFDF4000ED39E9 /* CLLoginController.m in Sources */,
				1E6479941DEFBF3500ED39E9 /* calendar.xcdatamodeld in Sources */,
				1E647A081DEFD4AA00ED39E9 /* FQApplication.m in Sources */,
				1E6479FE1DEFD18500ED39E9 /* CLAdapter.m in Sources */,
				1E6479F81DEFCFF500ED39E9 /* UIView+Instance.m in Sources */,
				1E647A1F1DF01CF000ED39E9 /* CLRegisterView.m in Sources */,
				1E647A0C1DEFDE6300ED39E9 /* NSString+PDRegex.m in Sources */,
				1E647A121DEFDF9200ED39E9 /* CLRegisterController.m in Sources */,
				1E647A1C1DF00D2B00ED39E9 /* CLProgressHUD.m in Sources */,
			);
			runOnlyForDeploymentPostprocessing = 0;
		};
/* End PBXSourcesBuildPhase section */

/* Begin PBXVariantGroup section */
		1E6479971DEFBF3500ED39E9 /* LaunchScreen.storyboard */ = {
			isa = PBXVariantGroup;
			children = (
				1E6479981DEFBF3500ED39E9 /* Base */,
			);
			name = LaunchScreen.storyboard;
			sourceTree = "<group>";
		};
/* End PBXVariantGroup section */

/* Begin XCBuildConfiguration section */
		1E64799B1DEFBF3500ED39E9 /* Debug */ = {
			isa = XCBuildConfiguration;
			buildSettings = {
				ALWAYS_SEARCH_USER_PATHS = NO;
				CLANG_ANALYZER_NONNULL = YES;
				CLANG_CXX_LANGUAGE_STANDARD = "gnu++0x";
				CLANG_CXX_LIBRARY = "libc++";
				CLANG_ENABLE_MODULES = YES;
				CLANG_ENABLE_OBJC_ARC = YES;
				CLANG_WARN_BOOL_CONVERSION = YES;
				CLANG_WARN_CONSTANT_CONVERSION = YES;
				CLANG_WARN_DIRECT_OBJC_ISA_USAGE = YES_ERROR;
				CLANG_WARN_DOCUMENTATION_COMMENTS = YES;
				CLANG_WARN_EMPTY_BODY = YES;
				CLANG_WARN_ENUM_CONVERSION = YES;
				CLANG_WARN_INFINITE_RECURSION = YES;
				CLANG_WARN_INT_CONVERSION = YES;
				CLANG_WARN_OBJC_ROOT_CLASS = YES_ERROR;
				CLANG_WARN_SUSPICIOUS_MOVES = YES;
				CLANG_WARN_UNREACHABLE_CODE = YES;
				CLANG_WARN__DUPLICATE_METHOD_MATCH = YES;
				"CODE_SIGN_IDENTITY[sdk=iphoneos*]" = "iPhone Developer";
				COPY_PHASE_STRIP = NO;
				DEBUG_INFORMATION_FORMAT = dwarf;
				ENABLE_STRICT_OBJC_MSGSEND = YES;
				ENABLE_TESTABILITY = YES;
				GCC_C_LANGUAGE_STANDARD = gnu99;
				GCC_DYNAMIC_NO_PIC = NO;
				GCC_NO_COMMON_BLOCKS = YES;
				GCC_OPTIMIZATION_LEVEL = 0;
				GCC_PREPROCESSOR_DEFINITIONS = (
					"DEBUG=1",
					"$(inherited)",
				);
				GCC_WARN_64_TO_32_BIT_CONVERSION = YES;
				GCC_WARN_ABOUT_RETURN_TYPE = YES_ERROR;
				GCC_WARN_UNDECLARED_SELECTOR = YES;
				GCC_WARN_UNINITIALIZED_AUTOS = YES_AGGRESSIVE;
				GCC_WARN_UNUSED_FUNCTION = YES;
				GCC_WARN_UNUSED_VARIABLE = YES;
				IPHONEOS_DEPLOYMENT_TARGET = 10.1;
				MTL_ENABLE_DEBUG_INFO = YES;
				ONLY_ACTIVE_ARCH = YES;
				SDKROOT = iphoneos;
				TARGETED_DEVICE_FAMILY = "1,2";
			};
			name = Debug;
		};
		1E64799C1DEFBF3500ED39E9 /* Release */ = {
			isa = XCBuildConfiguration;
			buildSettings = {
				ALWAYS_SEARCH_USER_PATHS = NO;
				CLANG_ANALYZER_NONNULL = YES;
				CLANG_CXX_LANGUAGE_STANDARD = "gnu++0x";
				CLANG_CXX_LIBRARY = "libc++";
				CLANG_ENABLE_MODULES = YES;
				CLANG_ENABLE_OBJC_ARC = YES;
				CLANG_WARN_BOOL_CONVERSION = YES;
				CLANG_WARN_CONSTANT_CONVERSION = YES;
				CLANG_WARN_DIRECT_OBJC_ISA_USAGE = YES_ERROR;
				CLANG_WARN_DOCUMENTATION_COMMENTS = YES;
				CLANG_WARN_EMPTY_BODY = YES;
				CLANG_WARN_ENUM_CONVERSION = YES;
				CLANG_WARN_INFINITE_RECURSION = YES;
				CLANG_WARN_INT_CONVERSION = YES;
				CLANG_WARN_OBJC_ROOT_CLASS = YES_ERROR;
				CLANG_WARN_SUSPICIOUS_MOVES = YES;
				CLANG_WARN_UNREACHABLE_CODE = YES;
				CLANG_WARN__DUPLICATE_METHOD_MATCH = YES;
				"CODE_SIGN_IDENTITY[sdk=iphoneos*]" = "iPhone Developer";
				COPY_PHASE_STRIP = NO;
				DEBUG_INFORMATION_FORMAT = "dwarf-with-dsym";
				ENABLE_NS_ASSERTIONS = NO;
				ENABLE_STRICT_OBJC_MSGSEND = YES;
				GCC_C_LANGUAGE_STANDARD = gnu99;
				GCC_NO_COMMON_BLOCKS = YES;
				GCC_WARN_64_TO_32_BIT_CONVERSION = YES;
				GCC_WARN_ABOUT_RETURN_TYPE = YES_ERROR;
				GCC_WARN_UNDECLARED_SELECTOR = YES;
				GCC_WARN_UNINITIALIZED_AUTOS = YES_AGGRESSIVE;
				GCC_WARN_UNUSED_FUNCTION = YES;
				GCC_WARN_UNUSED_VARIABLE = YES;
				IPHONEOS_DEPLOYMENT_TARGET = 10.1;
				MTL_ENABLE_DEBUG_INFO = NO;
				SDKROOT = iphoneos;
				TARGETED_DEVICE_FAMILY = "1,2";
				VALIDATE_PRODUCT = YES;
			};
			name = Release;
		};
		1E64799E1DEFBF3500ED39E9 /* Debug */ = {
			isa = XCBuildConfiguration;
			baseConfigurationReference = C7F84E6C4570C886DD5D0FC7 /* Pods-calendar.debug.xcconfig */;
			buildSettings = {
				ASSETCATALOG_COMPILER_APPICON_NAME = AppIcon;
				DEVELOPMENT_TEAM = 5J3D27HWQC;
				GCC_PREFIX_HEADER = calendar/CL_Header.h;
				INFOPLIST_FILE = calendar/Info.plist;
				IPHONEOS_DEPLOYMENT_TARGET = 8.0;
				LD_RUNPATH_SEARCH_PATHS = "$(inherited) @executable_path/Frameworks";
				PRODUCT_BUNDLE_IDENTIFIER = wangaiguo.calendar;
				PRODUCT_NAME = "$(TARGET_NAME)";
			};
			name = Debug;
		};
		1E64799F1DEFBF3500ED39E9 /* Release */ = {
			isa = XCBuildConfiguration;
			baseConfigurationReference = 0B6339424086D3C2ABC05244 /* Pods-calendar.release.xcconfig */;
			buildSettings = {
				ASSETCATALOG_COMPILER_APPICON_NAME = AppIcon;
				DEVELOPMENT_TEAM = 5J3D27HWQC;
				GCC_PREFIX_HEADER = calendar/CL_Header.h;
				INFOPLIST_FILE = calendar/Info.plist;
				IPHONEOS_DEPLOYMENT_TARGET = 8.0;
				LD_RUNPATH_SEARCH_PATHS = "$(inherited) @executable_path/Frameworks";
				PRODUCT_BUNDLE_IDENTIFIER = wangaiguo.calendar;
				PRODUCT_NAME = "$(TARGET_NAME)";
			};
			name = Release;
		};
/* End XCBuildConfiguration section */

/* Begin XCConfigurationList section */
		1E64797E1DEFBF3500ED39E9 /* Build configuration list for PBXProject "calendar" */ = {
			isa = XCConfigurationList;
			buildConfigurations = (
				1E64799B1DEFBF3500ED39E9 /* Debug */,
				1E64799C1DEFBF3500ED39E9 /* Release */,
			);
			defaultConfigurationIsVisible = 0;
			defaultConfigurationName = Release;
		};
		1E64799D1DEFBF3500ED39E9 /* Build configuration list for PBXNativeTarget "calendar" */ = {
			isa = XCConfigurationList;
			buildConfigurations = (
				1E64799E1DEFBF3500ED39E9 /* Debug */,
				1E64799F1DEFBF3500ED39E9 /* Release */,
			);
			defaultConfigurationIsVisible = 0;
			defaultConfigurationName = Release;
		};
/* End XCConfigurationList section */

/* Begin XCVersionGroup section */
		1E6479921DEFBF3500ED39E9 /* calendar.xcdatamodeld */ = {
			isa = XCVersionGroup;
			children = (
				1E6479931DEFBF3500ED39E9 /* calendar.xcdatamodel */,
			);
			currentVersion = 1E6479931DEFBF3500ED39E9 /* calendar.xcdatamodel */;
			path = calendar.xcdatamodeld;
			sourceTree = "<group>";
			versionGroupType = wrapper.xcdatamodel;
		};
/* End XCVersionGroup section */
	};
	rootObject = 1E64797B1DEFBF3500ED39E9 /* Project object */;
}
